// !$*UTF8*$!
{
	archiveVersion = 1;
	classes = {
	};
	objectVersion = 46;
	objects = {

/* Begin PBXBuildFile section */
		2610B2B31B52E73C00DAD825 /* NSDate.swift in Sources */ = {isa = PBXBuildFile; fileRef = 2610B2B21B52E73C00DAD825 /* NSDate.swift */; };
		2615AE2F1AE3CD4D00FAC44C /* MQLoadingOverlayViewController.swift in Sources */ = {isa = PBXBuildFile; fileRef = 2615AE2E1AE3CD4D00FAC44C /* MQLoadingOverlayViewController.swift */; };
		2615AE311AE3CDB800FAC44C /* MQLoadingOverlay.swift in Sources */ = {isa = PBXBuildFile; fileRef = 2615AE301AE3CDB800FAC44C /* MQLoadingOverlay.swift */; };
		2650C9891B5234900003C245 /* MKMapView.swift in Sources */ = {isa = PBXBuildFile; fileRef = 2650C9881B5234900003C245 /* MKMapView.swift */; };
		265FBB141B46800C00DDFCA0 /* MQDataModel.swift in Sources */ = {isa = PBXBuildFile; fileRef = 265FBB131B46800C00DDFCA0 /* MQDataModel.swift */; };
		2666595D1B257F87003F24F8 /* MQButton.swift in Sources */ = {isa = PBXBuildFile; fileRef = 2666595C1B257F87003F24F8 /* MQButton.swift */; };
		2666595F1B258080003F24F8 /* MQLabelButton.swift in Sources */ = {isa = PBXBuildFile; fileRef = 2666595E1B258080003F24F8 /* MQLabelButton.swift */; };
		266659611B2581A1003F24F8 /* MQImageButton.swift in Sources */ = {isa = PBXBuildFile; fileRef = 266659601B2581A1003F24F8 /* MQImageButton.swift */; };
		266B678D1AF335F1009AA10E /* MQNoResultsView.swift in Sources */ = {isa = PBXBuildFile; fileRef = 266B678C1AF335F1009AA10E /* MQNoResultsView.swift */; };
		266B678F1AF33621009AA10E /* MQDefaultNoResultsView.swift in Sources */ = {isa = PBXBuildFile; fileRef = 266B678E1AF33621009AA10E /* MQDefaultNoResultsView.swift */; };
		266B67B01AF3CDE2009AA10E /* MQStartingView.swift in Sources */ = {isa = PBXBuildFile; fileRef = 266B67AF1AF3CDE2009AA10E /* MQStartingView.swift */; };
		266B67B21AF3CE00009AA10E /* MQDefaultStartingView.swift in Sources */ = {isa = PBXBuildFile; fileRef = 266B67B11AF3CE00009AA10E /* MQDefaultStartingView.swift */; };
		267B856B1B185DCA00AAF8E8 /* Double.swift in Sources */ = {isa = PBXBuildFile; fileRef = 267B856A1B185DCA00AAF8E8 /* Double.swift */; };
		267D5F9A1AE4CFEC002A2C8D /* UIViewController.swift in Sources */ = {isa = PBXBuildFile; fileRef = 267D5F991AE4CFEC002A2C8D /* UIViewController.swift */; };
		2682CA8B1AE1B6790039CBB1 /* String.swift in Sources */ = {isa = PBXBuildFile; fileRef = 2682CA8A1AE1B6790039CBB1 /* String.swift */; };
		2682CA8D1AE1BA970039CBB1 /* NSCharacterSet.swift in Sources */ = {isa = PBXBuildFile; fileRef = 2682CA8C1AE1BA970039CBB1 /* NSCharacterSet.swift */; };
		2682CAA01AE227470039CBB1 /* MQField.swift in Sources */ = {isa = PBXBuildFile; fileRef = 2682CA9F1AE227470039CBB1 /* MQField.swift */; };
		2682CAB41AE26DA60039CBB1 /* MQFieldCell.swift in Sources */ = {isa = PBXBuildFile; fileRef = 2682CAB21AE26DA60039CBB1 /* MQFieldCell.swift */; };
		2682CAB51AE26DA60039CBB1 /* MQFieldTextField.swift in Sources */ = {isa = PBXBuildFile; fileRef = 2682CAB31AE26DA60039CBB1 /* MQFieldTextField.swift */; };
		2682CADB1AE2E4870039CBB1 /* MQFieldPickerView.swift in Sources */ = {isa = PBXBuildFile; fileRef = 2682CADA1AE2E4870039CBB1 /* MQFieldPickerView.swift */; };
		2682CAFB1AE375DC0039CBB1 /* MQLoadableViewController.swift in Sources */ = {isa = PBXBuildFile; fileRef = 2682CAFA1AE375DC0039CBB1 /* MQLoadableViewController.swift */; };
		2682CAFD1AE3776B0039CBB1 /* MQLoadingView.swift in Sources */ = {isa = PBXBuildFile; fileRef = 2682CAFC1AE3776B0039CBB1 /* MQLoadingView.swift */; };
		2682CAFF1AE3AB530039CBB1 /* MQDefaultRetryView.swift in Sources */ = {isa = PBXBuildFile; fileRef = 2682CAFE1AE3AB530039CBB1 /* MQDefaultRetryView.swift */; };
		269459351AE0B8F300B92DC0 /* NSLayoutConstraint.swift in Sources */ = {isa = PBXBuildFile; fileRef = 269459341AE0B8F300B92DC0 /* NSLayoutConstraint.swift */; };
		269939A01B38DCD10061FA22 /* MQAFURLTask.swift in Sources */ = {isa = PBXBuildFile; fileRef = 2699399F1B38DCD10061FA22 /* MQAFURLTask.swift */; };
		26A07BD71B182607006250CF /* MQAspectFitLabel.swift in Sources */ = {isa = PBXBuildFile; fileRef = 26A07BD61B182607006250CF /* MQAspectFitLabel.swift */; };
		26AD3BD21B39A56200EDE133 /* Alamofire.framework in Frameworks */ = {isa = PBXBuildFile; fileRef = 26AD3BB51B39A14400EDE133 /* Alamofire.framework */; };
		26B416691AF7471700CF80B0 /* MQTableViewCell.swift in Sources */ = {isa = PBXBuildFile; fileRef = 26B416681AF7471700CF80B0 /* MQTableViewCell.swift */; };
		26BC70FD1B393C8100A7F314 /* MQChainedTask.swift in Sources */ = {isa = PBXBuildFile; fileRef = 26BC70FC1B393C8100A7F314 /* MQChainedTask.swift */; };
		26C3A5331B3870E1001AA190 /* MQAPIRequest.swift in Sources */ = {isa = PBXBuildFile; fileRef = 26C3A5271B3870E1001AA190 /* MQAPIRequest.swift */; };
		26C3A5351B3870E1001AA190 /* MQExecutableTask.swift in Sources */ = {isa = PBXBuildFile; fileRef = 26C3A5291B3870E1001AA190 /* MQExecutableTask.swift */; };
		26C3A5371B3870E1001AA190 /* MQOperation.swift in Sources */ = {isa = PBXBuildFile; fileRef = 26C3A52B1B3870E1001AA190 /* MQOperation.swift */; };
		26C3A5381B3870E1001AA190 /* MQConfirmDialog.swift in Sources */ = {isa = PBXBuildFile; fileRef = 26C3A52C1B3870E1001AA190 /* MQConfirmDialog.swift */; };
		26C3A5391B3870E1001AA190 /* MQDispatcher.swift in Sources */ = {isa = PBXBuildFile; fileRef = 26C3A52D1B3870E1001AA190 /* MQDispatcher.swift */; };
		26C3A53A1B3870E1001AA190 /* MQError.swift in Sources */ = {isa = PBXBuildFile; fileRef = 26C3A52E1B3870E1001AA190 /* MQError.swift */; };
		26C3A53B1B3870E1001AA190 /* MQErrorDialog.swift in Sources */ = {isa = PBXBuildFile; fileRef = 26C3A52F1B3870E1001AA190 /* MQErrorDialog.swift */; };
		26C3A53C1B3870E1001AA190 /* MQFieldTextFieldDelegate.swift in Sources */ = {isa = PBXBuildFile; fileRef = 26C3A5301B3870E1001AA190 /* MQFieldTextFieldDelegate.swift */; };
		26C3A53D1B3870E1001AA190 /* MQFileManager.swift in Sources */ = {isa = PBXBuildFile; fileRef = 26C3A5311B3870E1001AA190 /* MQFileManager.swift */; };
		26C3A53E1B3870E1001AA190 /* MQUnexpectedError.swift in Sources */ = {isa = PBXBuildFile; fileRef = 26C3A5321B3870E1001AA190 /* MQUnexpectedError.swift */; };
		26C3A5401B3871F4001AA190 /* MQTask.swift in Sources */ = {isa = PBXBuildFile; fileRef = 26C3A53F1B3871F4001AA190 /* MQTask.swift */; };
		26D37CA21AEDE80F00145C7A /* MQRetryView.swift in Sources */ = {isa = PBXBuildFile; fileRef = 26D37CA11AEDE80F00145C7A /* MQRetryView.swift */; };
		26E9FE911ADE090B00E92745 /* MQBoilerplateSwift.h in Headers */ = {isa = PBXBuildFile; fileRef = 26E9FE901ADE090B00E92745 /* MQBoilerplateSwift.h */; settings = {ATTRIBUTES = (Public, ); }; };
		26E9FE971ADE090B00E92745 /* MQBoilerplateSwift.framework in Frameworks */ = {isa = PBXBuildFile; fileRef = 26E9FE8B1ADE090B00E92745 /* MQBoilerplateSwift.framework */; };
		26E9FE9E1ADE090B00E92745 /* MQBoilerplateSwiftTests.swift in Sources */ = {isa = PBXBuildFile; fileRef = 26E9FE9D1ADE090B00E92745 /* MQBoilerplateSwiftTests.swift */; };
		26E9FEAB1ADE098100E92745 /* UIView.swift in Sources */ = {isa = PBXBuildFile; fileRef = 26E9FEAA1ADE098100E92745 /* UIView.swift */; };
		26F28AE01ADF89960070A08B /* MQStartupViewController.swift in Sources */ = {isa = PBXBuildFile; fileRef = 26F28ADF1ADF89960070A08B /* MQStartupViewController.swift */; };
		26F28AFB1ADF90D10070A08B /* UIColor.swift in Sources */ = {isa = PBXBuildFile; fileRef = 26F28AFA1ADF90D10070A08B /* UIColor.swift */; };
		26F531571B0E53F800D4AF08 /* Functions.swift in Sources */ = {isa = PBXBuildFile; fileRef = 26F531561B0E53F800D4AF08 /* Functions.swift */; };
/* End PBXBuildFile section */

/* Begin PBXContainerItemProxy section */
		26AD3BB41B39A14400EDE133 /* PBXContainerItemProxy */ = {
			isa = PBXContainerItemProxy;
			containerPortal = 26AD3B5C1B39A14400EDE133 /* Alamofire.xcodeproj */;
			proxyType = 2;
			remoteGlobalIDString = F8111E3319A95C8B0040E7D1;
			remoteInfo = "Alamofire iOS";
		};
		26AD3BB61B39A14400EDE133 /* PBXContainerItemProxy */ = {
			isa = PBXContainerItemProxy;
			containerPortal = 26AD3B5C1B39A14400EDE133 /* Alamofire.xcodeproj */;
			proxyType = 2;
			remoteGlobalIDString = 4DD67C0B1A5C55C900ED2280;
			remoteInfo = "Alamofire OSX";
		};
		26AD3BB81B39A14400EDE133 /* PBXContainerItemProxy */ = {
			isa = PBXContainerItemProxy;
			containerPortal = 26AD3B5C1B39A14400EDE133 /* Alamofire.xcodeproj */;
			proxyType = 2;
			remoteGlobalIDString = F8111E3E19A95C8B0040E7D1;
			remoteInfo = "Alamofire iOS Tests";
		};
		26AD3BBA1B39A14400EDE133 /* PBXContainerItemProxy */ = {
			isa = PBXContainerItemProxy;
			containerPortal = 26AD3B5C1B39A14400EDE133 /* Alamofire.xcodeproj */;
			proxyType = 2;
			remoteGlobalIDString = F829C6B21A7A94F100A2CD59;
			remoteInfo = "Alamofire OSX Tests";
		};
		26AD3BD01B39A55100EDE133 /* PBXContainerItemProxy */ = {
			isa = PBXContainerItemProxy;
			containerPortal = 26AD3B5C1B39A14400EDE133 /* Alamofire.xcodeproj */;
			proxyType = 1;
			remoteGlobalIDString = F8111E3219A95C8B0040E7D1;
			remoteInfo = "Alamofire iOS";
		};
		26E9FE981ADE090B00E92745 /* PBXContainerItemProxy */ = {
			isa = PBXContainerItemProxy;
			containerPortal = 26E9FE821ADE090B00E92745 /* Project object */;
			proxyType = 1;
			remoteGlobalIDString = 26E9FE8A1ADE090B00E92745;
			remoteInfo = MQBoilerplateSwift;
		};
/* End PBXContainerItemProxy section */

/* Begin PBXFileReference section */
		2610B2B21B52E73C00DAD825 /* NSDate.swift */ = {isa = PBXFileReference; fileEncoding = 4; lastKnownFileType = sourcecode.swift; path = NSDate.swift; sourceTree = "<group>"; };
		2615AE2E1AE3CD4D00FAC44C /* MQLoadingOverlayViewController.swift */ = {isa = PBXFileReference; fileEncoding = 4; lastKnownFileType = sourcecode.swift; path = MQLoadingOverlayViewController.swift; sourceTree = "<group>"; };
		2615AE301AE3CDB800FAC44C /* MQLoadingOverlay.swift */ = {isa = PBXFileReference; fileEncoding = 4; lastKnownFileType = sourcecode.swift; path = MQLoadingOverlay.swift; sourceTree = "<group>"; };
		2650C9881B5234900003C245 /* MKMapView.swift */ = {isa = PBXFileReference; fileEncoding = 4; lastKnownFileType = sourcecode.swift; path = MKMapView.swift; sourceTree = "<group>"; };
		265A067F1ADE555400826150 /* Info.plist */ = {isa = PBXFileReference; fileEncoding = 4; lastKnownFileType = text.plist.xml; path = Info.plist; sourceTree = "<group>"; };
		265FBB131B46800C00DDFCA0 /* MQDataModel.swift */ = {isa = PBXFileReference; fileEncoding = 4; lastKnownFileType = sourcecode.swift; path = MQDataModel.swift; sourceTree = "<group>"; };
		2666595C1B257F87003F24F8 /* MQButton.swift */ = {isa = PBXFileReference; fileEncoding = 4; lastKnownFileType = sourcecode.swift; path = MQButton.swift; sourceTree = "<group>"; };
		2666595E1B258080003F24F8 /* MQLabelButton.swift */ = {isa = PBXFileReference; fileEncoding = 4; lastKnownFileType = sourcecode.swift; path = MQLabelButton.swift; sourceTree = "<group>"; };
		266659601B2581A1003F24F8 /* MQImageButton.swift */ = {isa = PBXFileReference; fileEncoding = 4; lastKnownFileType = sourcecode.swift; path = MQImageButton.swift; sourceTree = "<group>"; };
		266B678C1AF335F1009AA10E /* MQNoResultsView.swift */ = {isa = PBXFileReference; fileEncoding = 4; lastKnownFileType = sourcecode.swift; path = MQNoResultsView.swift; sourceTree = "<group>"; };
		266B678E1AF33621009AA10E /* MQDefaultNoResultsView.swift */ = {isa = PBXFileReference; fileEncoding = 4; lastKnownFileType = sourcecode.swift; path = MQDefaultNoResultsView.swift; sourceTree = "<group>"; };
		266B67AF1AF3CDE2009AA10E /* MQStartingView.swift */ = {isa = PBXFileReference; fileEncoding = 4; lastKnownFileType = sourcecode.swift; path = MQStartingView.swift; sourceTree = "<group>"; };
		266B67B11AF3CE00009AA10E /* MQDefaultStartingView.swift */ = {isa = PBXFileReference; fileEncoding = 4; lastKnownFileType = sourcecode.swift; path = MQDefaultStartingView.swift; sourceTree = "<group>"; };
		267B856A1B185DCA00AAF8E8 /* Double.swift */ = {isa = PBXFileReference; fileEncoding = 4; lastKnownFileType = sourcecode.swift; path = Double.swift; sourceTree = "<group>"; };
		267D5F991AE4CFEC002A2C8D /* UIViewController.swift */ = {isa = PBXFileReference; fileEncoding = 4; lastKnownFileType = sourcecode.swift; path = UIViewController.swift; sourceTree = "<group>"; };
		2682CA8A1AE1B6790039CBB1 /* String.swift */ = {isa = PBXFileReference; fileEncoding = 4; lastKnownFileType = sourcecode.swift; path = String.swift; sourceTree = "<group>"; };
		2682CA8C1AE1BA970039CBB1 /* NSCharacterSet.swift */ = {isa = PBXFileReference; fileEncoding = 4; lastKnownFileType = sourcecode.swift; path = NSCharacterSet.swift; sourceTree = "<group>"; };
		2682CA9F1AE227470039CBB1 /* MQField.swift */ = {isa = PBXFileReference; fileEncoding = 4; lastKnownFileType = sourcecode.swift; path = MQField.swift; sourceTree = "<group>"; };
		2682CAB21AE26DA60039CBB1 /* MQFieldCell.swift */ = {isa = PBXFileReference; fileEncoding = 4; lastKnownFileType = sourcecode.swift; lineEnding = 0; path = MQFieldCell.swift; sourceTree = "<group>"; xcLanguageSpecificationIdentifier = xcode.lang.swift; };
		2682CAB31AE26DA60039CBB1 /* MQFieldTextField.swift */ = {isa = PBXFileReference; fileEncoding = 4; lastKnownFileType = sourcecode.swift; lineEnding = 0; path = MQFieldTextField.swift; sourceTree = "<group>"; xcLanguageSpecificationIdentifier = xcode.lang.swift; };
		2682CADA1AE2E4870039CBB1 /* MQFieldPickerView.swift */ = {isa = PBXFileReference; fileEncoding = 4; lastKnownFileType = sourcecode.swift; lineEnding = 0; path = MQFieldPickerView.swift; sourceTree = "<group>"; xcLanguageSpecificationIdentifier = xcode.lang.swift; };
		2682CAED1AE36D2C0039CBB1 /* README.md */ = {isa = PBXFileReference; fileEncoding = 4; lastKnownFileType = net.daringfireball.markdown; path = README.md; sourceTree = "<group>"; };
		2682CAFA1AE375DC0039CBB1 /* MQLoadableViewController.swift */ = {isa = PBXFileReference; fileEncoding = 4; lastKnownFileType = sourcecode.swift; path = MQLoadableViewController.swift; sourceTree = "<group>"; };
		2682CAFC1AE3776B0039CBB1 /* MQLoadingView.swift */ = {isa = PBXFileReference; fileEncoding = 4; lastKnownFileType = sourcecode.swift; path = MQLoadingView.swift; sourceTree = "<group>"; };
		2682CAFE1AE3AB530039CBB1 /* MQDefaultRetryView.swift */ = {isa = PBXFileReference; fileEncoding = 4; lastKnownFileType = sourcecode.swift; path = MQDefaultRetryView.swift; sourceTree = "<group>"; };
		269459341AE0B8F300B92DC0 /* NSLayoutConstraint.swift */ = {isa = PBXFileReference; fileEncoding = 4; lastKnownFileType = sourcecode.swift; path = NSLayoutConstraint.swift; sourceTree = "<group>"; };
		2699399F1B38DCD10061FA22 /* MQAFURLTask.swift */ = {isa = PBXFileReference; fileEncoding = 4; lastKnownFileType = sourcecode.swift; path = MQAFURLTask.swift; sourceTree = "<group>"; };
		26A07BD61B182607006250CF /* MQAspectFitLabel.swift */ = {isa = PBXFileReference; fileEncoding = 4; lastKnownFileType = sourcecode.swift; path = MQAspectFitLabel.swift; sourceTree = "<group>"; };
		26AD3B5C1B39A14400EDE133 /* Alamofire.xcodeproj */ = {isa = PBXFileReference; lastKnownFileType = "wrapper.pb-project"; path = Alamofire.xcodeproj; sourceTree = "<group>"; };
		26B416681AF7471700CF80B0 /* MQTableViewCell.swift */ = {isa = PBXFileReference; fileEncoding = 4; lastKnownFileType = sourcecode.swift; path = MQTableViewCell.swift; sourceTree = "<group>"; };
		26BC70FC1B393C8100A7F314 /* MQChainedTask.swift */ = {isa = PBXFileReference; fileEncoding = 4; lastKnownFileType = sourcecode.swift; path = MQChainedTask.swift; sourceTree = "<group>"; };
		26C3A5271B3870E1001AA190 /* MQAPIRequest.swift */ = {isa = PBXFileReference; fileEncoding = 4; lastKnownFileType = sourcecode.swift; path = MQAPIRequest.swift; sourceTree = "<group>"; };
		26C3A5291B3870E1001AA190 /* MQExecutableTask.swift */ = {isa = PBXFileReference; fileEncoding = 4; lastKnownFileType = sourcecode.swift; path = MQExecutableTask.swift; sourceTree = "<group>"; };
		26C3A52B1B3870E1001AA190 /* MQOperation.swift */ = {isa = PBXFileReference; fileEncoding = 4; lastKnownFileType = sourcecode.swift; path = MQOperation.swift; sourceTree = "<group>"; };
		26C3A52C1B3870E1001AA190 /* MQConfirmDialog.swift */ = {isa = PBXFileReference; fileEncoding = 4; lastKnownFileType = sourcecode.swift; path = MQConfirmDialog.swift; sourceTree = "<group>"; };
		26C3A52D1B3870E1001AA190 /* MQDispatcher.swift */ = {isa = PBXFileReference; fileEncoding = 4; lastKnownFileType = sourcecode.swift; path = MQDispatcher.swift; sourceTree = "<group>"; };
		26C3A52E1B3870E1001AA190 /* MQError.swift */ = {isa = PBXFileReference; fileEncoding = 4; lastKnownFileType = sourcecode.swift; path = MQError.swift; sourceTree = "<group>"; };
		26C3A52F1B3870E1001AA190 /* MQErrorDialog.swift */ = {isa = PBXFileReference; fileEncoding = 4; lastKnownFileType = sourcecode.swift; path = MQErrorDialog.swift; sourceTree = "<group>"; };
		26C3A5301B3870E1001AA190 /* MQFieldTextFieldDelegate.swift */ = {isa = PBXFileReference; fileEncoding = 4; lastKnownFileType = sourcecode.swift; path = MQFieldTextFieldDelegate.swift; sourceTree = "<group>"; };
		26C3A5311B3870E1001AA190 /* MQFileManager.swift */ = {isa = PBXFileReference; fileEncoding = 4; lastKnownFileType = sourcecode.swift; path = MQFileManager.swift; sourceTree = "<group>"; };
		26C3A5321B3870E1001AA190 /* MQUnexpectedError.swift */ = {isa = PBXFileReference; fileEncoding = 4; lastKnownFileType = sourcecode.swift; path = MQUnexpectedError.swift; sourceTree = "<group>"; };
		26C3A53F1B3871F4001AA190 /* MQTask.swift */ = {isa = PBXFileReference; fileEncoding = 4; lastKnownFileType = sourcecode.swift; path = MQTask.swift; sourceTree = "<group>"; };
		26D37CA11AEDE80F00145C7A /* MQRetryView.swift */ = {isa = PBXFileReference; fileEncoding = 4; lastKnownFileType = sourcecode.swift; path = MQRetryView.swift; sourceTree = "<group>"; };
		26E9FE8B1ADE090B00E92745 /* MQBoilerplateSwift.framework */ = {isa = PBXFileReference; explicitFileType = wrapper.framework; includeInIndex = 0; path = MQBoilerplateSwift.framework; sourceTree = BUILT_PRODUCTS_DIR; };
		26E9FE901ADE090B00E92745 /* MQBoilerplateSwift.h */ = {isa = PBXFileReference; lastKnownFileType = sourcecode.c.h; path = MQBoilerplateSwift.h; sourceTree = "<group>"; };
		26E9FE961ADE090B00E92745 /* MQBoilerplateSwiftTests.xctest */ = {isa = PBXFileReference; explicitFileType = wrapper.cfbundle; includeInIndex = 0; path = MQBoilerplateSwiftTests.xctest; sourceTree = BUILT_PRODUCTS_DIR; };
		26E9FE9C1ADE090B00E92745 /* Info.plist */ = {isa = PBXFileReference; lastKnownFileType = text.plist.xml; path = Info.plist; sourceTree = "<group>"; };
		26E9FE9D1ADE090B00E92745 /* MQBoilerplateSwiftTests.swift */ = {isa = PBXFileReference; lastKnownFileType = sourcecode.swift; path = MQBoilerplateSwiftTests.swift; sourceTree = "<group>"; };
		26E9FEAA1ADE098100E92745 /* UIView.swift */ = {isa = PBXFileReference; fileEncoding = 4; lastKnownFileType = sourcecode.swift; path = UIView.swift; sourceTree = "<group>"; };
		26F28ADF1ADF89960070A08B /* MQStartupViewController.swift */ = {isa = PBXFileReference; fileEncoding = 4; lastKnownFileType = sourcecode.swift; path = MQStartupViewController.swift; sourceTree = "<group>"; };
		26F28AFA1ADF90D10070A08B /* UIColor.swift */ = {isa = PBXFileReference; fileEncoding = 4; lastKnownFileType = sourcecode.swift; path = UIColor.swift; sourceTree = "<group>"; };
		26F531561B0E53F800D4AF08 /* Functions.swift */ = {isa = PBXFileReference; fileEncoding = 4; lastKnownFileType = sourcecode.swift; path = Functions.swift; sourceTree = "<group>"; };
/* End PBXFileReference section */

/* Begin PBXFrameworksBuildPhase section */
		26E9FE871ADE090B00E92745 /* Frameworks */ = {
			isa = PBXFrameworksBuildPhase;
			buildActionMask = 2147483647;
			files = (
				26AD3BD21B39A56200EDE133 /* Alamofire.framework in Frameworks */,
			);
			runOnlyForDeploymentPostprocessing = 0;
		};
		26E9FE931ADE090B00E92745 /* Frameworks */ = {
			isa = PBXFrameworksBuildPhase;
			buildActionMask = 2147483647;
			files = (
				26E9FE971ADE090B00E92745 /* MQBoilerplateSwift.framework in Frameworks */,
			);
			runOnlyForDeploymentPostprocessing = 0;
		};
/* End PBXFrameworksBuildPhase section */

/* Begin PBXGroup section */
		265A067D1ADE555400826150 /* Objects */ = {
			isa = PBXGroup;
			children = (
				2682CA9E1AE227350039CBB1 /* Data Models */,
				26C3A5261B3870E1001AA190 /* Executable Tasks */,
				26C3A52C1B3870E1001AA190 /* MQConfirmDialog.swift */,
				26C3A52D1B3870E1001AA190 /* MQDispatcher.swift */,
				26C3A52E1B3870E1001AA190 /* MQError.swift */,
				26C3A52F1B3870E1001AA190 /* MQErrorDialog.swift */,
				26C3A5301B3870E1001AA190 /* MQFieldTextFieldDelegate.swift */,
				26C3A5311B3870E1001AA190 /* MQFileManager.swift */,
				26C3A5321B3870E1001AA190 /* MQUnexpectedError.swift */,
			);
			path = Objects;
			sourceTree = "<group>";
		};
		265A067E1ADE555400826150 /* Supporting Files */ = {
			isa = PBXGroup;
			children = (
				265A067F1ADE555400826150 /* Info.plist */,
			);
			path = "Supporting Files";
			sourceTree = "<group>";
		};
		2682CA9E1AE227350039CBB1 /* Data Models */ = {
			isa = PBXGroup;
			children = (
				2682CA9F1AE227470039CBB1 /* MQField.swift */,
				265FBB131B46800C00DDFCA0 /* MQDataModel.swift */,
			);
			path = "Data Models";
			sourceTree = "<group>";
		};
		2682CAB11AE26DA60039CBB1 /* Views */ = {
			isa = PBXGroup;
			children = (
				2682CAB21AE26DA60039CBB1 /* MQFieldCell.swift */,
				2682CAB31AE26DA60039CBB1 /* MQFieldTextField.swift */,
				2682CADA1AE2E4870039CBB1 /* MQFieldPickerView.swift */,
				2682CAFC1AE3776B0039CBB1 /* MQLoadingView.swift */,
				2682CAFE1AE3AB530039CBB1 /* MQDefaultRetryView.swift */,
				2615AE301AE3CDB800FAC44C /* MQLoadingOverlay.swift */,
				26D37CA11AEDE80F00145C7A /* MQRetryView.swift */,
				266B678C1AF335F1009AA10E /* MQNoResultsView.swift */,
				266B678E1AF33621009AA10E /* MQDefaultNoResultsView.swift */,
				266B67AF1AF3CDE2009AA10E /* MQStartingView.swift */,
				266B67B11AF3CE00009AA10E /* MQDefaultStartingView.swift */,
				26B416681AF7471700CF80B0 /* MQTableViewCell.swift */,
				26A07BD61B182607006250CF /* MQAspectFitLabel.swift */,
				2666595C1B257F87003F24F8 /* MQButton.swift */,
				2666595E1B258080003F24F8 /* MQLabelButton.swift */,
				266659601B2581A1003F24F8 /* MQImageButton.swift */,
			);
			path = Views;
			sourceTree = "<group>";
		};
		26AD3B561B39A14400EDE133 /* Dependencies */ = {
			isa = PBXGroup;
			children = (
				26AD3B571B39A14400EDE133 /* Alamofire */,
			);
			path = Dependencies;
			sourceTree = "<group>";
		};
		26AD3B571B39A14400EDE133 /* Alamofire */ = {
			isa = PBXGroup;
			children = (
				26AD3B5C1B39A14400EDE133 /* Alamofire.xcodeproj */,
			);
			path = Alamofire;
			sourceTree = "<group>";
		};
		26AD3B5D1B39A14400EDE133 /* Products */ = {
			isa = PBXGroup;
			children = (
				26AD3BB51B39A14400EDE133 /* Alamofire.framework */,
				26AD3BB71B39A14400EDE133 /* Alamofire.framework */,
				26AD3BB91B39A14400EDE133 /* Alamofire iOS Tests.xctest */,
				26AD3BBB1B39A14400EDE133 /* Alamofire OSX Tests.xctest */,
			);
			name = Products;
			sourceTree = "<group>";
		};
		26C3A5261B3870E1001AA190 /* Executable Tasks */ = {
			isa = PBXGroup;
			children = (
				26C3A5271B3870E1001AA190 /* MQAPIRequest.swift */,
				26C3A5291B3870E1001AA190 /* MQExecutableTask.swift */,
				26C3A52B1B3870E1001AA190 /* MQOperation.swift */,
				26C3A53F1B3871F4001AA190 /* MQTask.swift */,
				2699399F1B38DCD10061FA22 /* MQAFURLTask.swift */,
				26BC70FC1B393C8100A7F314 /* MQChainedTask.swift */,
			);
			path = "Executable Tasks";
			sourceTree = "<group>";
		};
		26E9FE811ADE090B00E92745 = {
			isa = PBXGroup;
			children = (
				2682CAED1AE36D2C0039CBB1 /* README.md */,
				26E9FE8D1ADE090B00E92745 /* MQBoilerplateSwift */,
				26E9FE9A1ADE090B00E92745 /* MQBoilerplateSwiftTests */,
				26E9FE8C1ADE090B00E92745 /* Products */,
			);
			sourceTree = "<group>";
		};
		26E9FE8C1ADE090B00E92745 /* Products */ = {
			isa = PBXGroup;
			children = (
				26E9FE8B1ADE090B00E92745 /* MQBoilerplateSwift.framework */,
				26E9FE961ADE090B00E92745 /* MQBoilerplateSwiftTests.xctest */,
			);
			name = Products;
			sourceTree = "<group>";
		};
		26E9FE8D1ADE090B00E92745 /* MQBoilerplateSwift */ = {
			isa = PBXGroup;
			children = (
				26AD3B561B39A14400EDE133 /* Dependencies */,
				26F531551B0E53F000D4AF08 /* Functions */,
				2682CAB11AE26DA60039CBB1 /* Views */,
				26F28ADE1ADF89830070A08B /* Controllers */,
				265A067D1ADE555400826150 /* Objects */,
				265A067E1ADE555400826150 /* Supporting Files */,
				26E9FEA81ADE094900E92745 /* Extensions */,
				26E9FE901ADE090B00E92745 /* MQBoilerplateSwift.h */,
			);
			path = MQBoilerplateSwift;
			sourceTree = "<group>";
		};
		26E9FE9A1ADE090B00E92745 /* MQBoilerplateSwiftTests */ = {
			isa = PBXGroup;
			children = (
				26E9FE9D1ADE090B00E92745 /* MQBoilerplateSwiftTests.swift */,
				26E9FE9B1ADE090B00E92745 /* Supporting Files */,
			);
			path = MQBoilerplateSwiftTests;
			sourceTree = "<group>";
		};
		26E9FE9B1ADE090B00E92745 /* Supporting Files */ = {
			isa = PBXGroup;
			children = (
				26E9FE9C1ADE090B00E92745 /* Info.plist */,
			);
			name = "Supporting Files";
			sourceTree = "<group>";
		};
		26E9FEA81ADE094900E92745 /* Extensions */ = {
			isa = PBXGroup;
			children = (
				26E9FEAA1ADE098100E92745 /* UIView.swift */,
				26F28AFA1ADF90D10070A08B /* UIColor.swift */,
				269459341AE0B8F300B92DC0 /* NSLayoutConstraint.swift */,
				2682CA8A1AE1B6790039CBB1 /* String.swift */,
				2682CA8C1AE1BA970039CBB1 /* NSCharacterSet.swift */,
				267D5F991AE4CFEC002A2C8D /* UIViewController.swift */,
				267B856A1B185DCA00AAF8E8 /* Double.swift */,
				2650C9881B5234900003C245 /* MKMapView.swift */,
				2610B2B21B52E73C00DAD825 /* NSDate.swift */,
			);
			path = Extensions;
			sourceTree = "<group>";
		};
		26F28ADE1ADF89830070A08B /* Controllers */ = {
			isa = PBXGroup;
			children = (
				26F28ADF1ADF89960070A08B /* MQStartupViewController.swift */,
				2682CAFA1AE375DC0039CBB1 /* MQLoadableViewController.swift */,
				2615AE2E1AE3CD4D00FAC44C /* MQLoadingOverlayViewController.swift */,
			);
			path = Controllers;
			sourceTree = "<group>";
		};
		26F531551B0E53F000D4AF08 /* Functions */ = {
			isa = PBXGroup;
			children = (
				26F531561B0E53F800D4AF08 /* Functions.swift */,
			);
			path = Functions;
			sourceTree = "<group>";
		};
/* End PBXGroup section */

/* Begin PBXHeadersBuildPhase section */
		26E9FE881ADE090B00E92745 /* Headers */ = {
			isa = PBXHeadersBuildPhase;
			buildActionMask = 2147483647;
			files = (
				26E9FE911ADE090B00E92745 /* MQBoilerplateSwift.h in Headers */,
			);
			runOnlyForDeploymentPostprocessing = 0;
		};
/* End PBXHeadersBuildPhase section */

/* Begin PBXNativeTarget section */
		26E9FE8A1ADE090B00E92745 /* MQBoilerplateSwift */ = {
			isa = PBXNativeTarget;
			buildConfigurationList = 26E9FEA11ADE090B00E92745 /* Build configuration list for PBXNativeTarget "MQBoilerplateSwift" */;
			buildPhases = (
				26E9FE861ADE090B00E92745 /* Sources */,
				26E9FE871ADE090B00E92745 /* Frameworks */,
				26E9FE881ADE090B00E92745 /* Headers */,
				26E9FE891ADE090B00E92745 /* Resources */,
			);
			buildRules = (
			);
			dependencies = (
				26AD3BD11B39A55100EDE133 /* PBXTargetDependency */,
			);
			name = MQBoilerplateSwift;
			productName = MQBoilerplateSwift;
			productReference = 26E9FE8B1ADE090B00E92745 /* MQBoilerplateSwift.framework */;
			productType = "com.apple.product-type.framework";
		};
		26E9FE951ADE090B00E92745 /* MQBoilerplateSwiftTests */ = {
			isa = PBXNativeTarget;
			buildConfigurationList = 26E9FEA41ADE090B00E92745 /* Build configuration list for PBXNativeTarget "MQBoilerplateSwiftTests" */;
			buildPhases = (
				26E9FE921ADE090B00E92745 /* Sources */,
				26E9FE931ADE090B00E92745 /* Frameworks */,
				26E9FE941ADE090B00E92745 /* Resources */,
			);
			buildRules = (
			);
			dependencies = (
				26E9FE991ADE090B00E92745 /* PBXTargetDependency */,
			);
			name = MQBoilerplateSwiftTests;
			productName = MQBoilerplateSwiftTests;
			productReference = 26E9FE961ADE090B00E92745 /* MQBoilerplateSwiftTests.xctest */;
			productType = "com.apple.product-type.bundle.unit-test";
		};
/* End PBXNativeTarget section */

/* Begin PBXProject section */
		26E9FE821ADE090B00E92745 /* Project object */ = {
			isa = PBXProject;
			attributes = {
				LastSwiftUpdateCheck = 0700;
				LastUpgradeCheck = 0700;
				ORGANIZATIONNAME = "Matt Quiros";
				TargetAttributes = {
					26E9FE8A1ADE090B00E92745 = {
						CreatedOnToolsVersion = 6.2;
					};
					26E9FE951ADE090B00E92745 = {
						CreatedOnToolsVersion = 6.2;
					};
				};
			};
			buildConfigurationList = 26E9FE851ADE090B00E92745 /* Build configuration list for PBXProject "MQBoilerplateSwift" */;
			compatibilityVersion = "Xcode 3.2";
			developmentRegion = English;
			hasScannedForEncodings = 0;
			knownRegions = (
				en,
				Base,
			);
			mainGroup = 26E9FE811ADE090B00E92745;
			productRefGroup = 26E9FE8C1ADE090B00E92745 /* Products */;
			projectDirPath = "";
			projectReferences = (
				{
					ProductGroup = 26AD3B5D1B39A14400EDE133 /* Products */;
					ProjectRef = 26AD3B5C1B39A14400EDE133 /* Alamofire.xcodeproj */;
				},
			);
			projectRoot = "";
			targets = (
				26E9FE8A1ADE090B00E92745 /* MQBoilerplateSwift */,
				26E9FE951ADE090B00E92745 /* MQBoilerplateSwiftTests */,
			);
		};
/* End PBXProject section */

/* Begin PBXReferenceProxy section */
		26AD3BB51B39A14400EDE133 /* Alamofire.framework */ = {
			isa = PBXReferenceProxy;
			fileType = wrapper.framework;
			path = Alamofire.framework;
			remoteRef = 26AD3BB41B39A14400EDE133 /* PBXContainerItemProxy */;
			sourceTree = BUILT_PRODUCTS_DIR;
		};
		26AD3BB71B39A14400EDE133 /* Alamofire.framework */ = {
			isa = PBXReferenceProxy;
			fileType = wrapper.framework;
			path = Alamofire.framework;
			remoteRef = 26AD3BB61B39A14400EDE133 /* PBXContainerItemProxy */;
			sourceTree = BUILT_PRODUCTS_DIR;
		};
		26AD3BB91B39A14400EDE133 /* Alamofire iOS Tests.xctest */ = {
			isa = PBXReferenceProxy;
			fileType = wrapper.cfbundle;
			path = "Alamofire iOS Tests.xctest";
			remoteRef = 26AD3BB81B39A14400EDE133 /* PBXContainerItemProxy */;
			sourceTree = BUILT_PRODUCTS_DIR;
		};
		26AD3BBB1B39A14400EDE133 /* Alamofire OSX Tests.xctest */ = {
			isa = PBXReferenceProxy;
			fileType = wrapper.cfbundle;
			path = "Alamofire OSX Tests.xctest";
			remoteRef = 26AD3BBA1B39A14400EDE133 /* PBXContainerItemProxy */;
			sourceTree = BUILT_PRODUCTS_DIR;
		};
/* End PBXReferenceProxy section */

/* Begin PBXResourcesBuildPhase section */
		26E9FE891ADE090B00E92745 /* Resources */ = {
			isa = PBXResourcesBuildPhase;
			buildActionMask = 2147483647;
			files = (
			);
			runOnlyForDeploymentPostprocessing = 0;
		};
		26E9FE941ADE090B00E92745 /* Resources */ = {
			isa = PBXResourcesBuildPhase;
			buildActionMask = 2147483647;
			files = (
			);
			runOnlyForDeploymentPostprocessing = 0;
		};
/* End PBXResourcesBuildPhase section */

/* Begin PBXSourcesBuildPhase section */
		26E9FE861ADE090B00E92745 /* Sources */ = {
			isa = PBXSourcesBuildPhase;
			buildActionMask = 2147483647;
			files = (
				2666595F1B258080003F24F8 /* MQLabelButton.swift in Sources */,
				266B678F1AF33621009AA10E /* MQDefaultNoResultsView.swift in Sources */,
				26B416691AF7471700CF80B0 /* MQTableViewCell.swift in Sources */,
				266B67B01AF3CDE2009AA10E /* MQStartingView.swift in Sources */,
				26C3A5371B3870E1001AA190 /* MQOperation.swift in Sources */,
				2615AE311AE3CDB800FAC44C /* MQLoadingOverlay.swift in Sources */,
				26F28AFB1ADF90D10070A08B /* UIColor.swift in Sources */,
				26C3A53E1B3870E1001AA190 /* MQUnexpectedError.swift in Sources */,
				26C3A5401B3871F4001AA190 /* MQTask.swift in Sources */,
				26F28AE01ADF89960070A08B /* MQStartupViewController.swift in Sources */,
				26C3A53A1B3870E1001AA190 /* MQError.swift in Sources */,
				26C3A5381B3870E1001AA190 /* MQConfirmDialog.swift in Sources */,
				269459351AE0B8F300B92DC0 /* NSLayoutConstraint.swift in Sources */,
				2615AE2F1AE3CD4D00FAC44C /* MQLoadingOverlayViewController.swift in Sources */,
				266B678D1AF335F1009AA10E /* MQNoResultsView.swift in Sources */,
				26C3A5351B3870E1001AA190 /* MQExecutableTask.swift in Sources */,
				26BC70FD1B393C8100A7F314 /* MQChainedTask.swift in Sources */,
				26F531571B0E53F800D4AF08 /* Functions.swift in Sources */,
				266B67B21AF3CE00009AA10E /* MQDefaultStartingView.swift in Sources */,
				2682CA8D1AE1BA970039CBB1 /* NSCharacterSet.swift in Sources */,
				266659611B2581A1003F24F8 /* MQImageButton.swift in Sources */,
				2682CAFF1AE3AB530039CBB1 /* MQDefaultRetryView.swift in Sources */,
				2610B2B31B52E73C00DAD825 /* NSDate.swift in Sources */,
				26E9FEAB1ADE098100E92745 /* UIView.swift in Sources */,
				269939A01B38DCD10061FA22 /* MQAFURLTask.swift in Sources */,
				26C3A5391B3870E1001AA190 /* MQDispatcher.swift in Sources */,
				26D37CA21AEDE80F00145C7A /* MQRetryView.swift in Sources */,
				2682CAFB1AE375DC0039CBB1 /* MQLoadableViewController.swift in Sources */,
				267D5F9A1AE4CFEC002A2C8D /* UIViewController.swift in Sources */,
				2682CA8B1AE1B6790039CBB1 /* String.swift in Sources */,
				2650C9891B5234900003C245 /* MKMapView.swift in Sources */,
				2682CAB41AE26DA60039CBB1 /* MQFieldCell.swift in Sources */,
				2682CAB51AE26DA60039CBB1 /* MQFieldTextField.swift in Sources */,
				2666595D1B257F87003F24F8 /* MQButton.swift in Sources */,
				2682CADB1AE2E4870039CBB1 /* MQFieldPickerView.swift in Sources */,
				26C3A53D1B3870E1001AA190 /* MQFileManager.swift in Sources */,
				2682CAA01AE227470039CBB1 /* MQField.swift in Sources */,
				2682CAFD1AE3776B0039CBB1 /* MQLoadingView.swift in Sources */,
				267B856B1B185DCA00AAF8E8 /* Double.swift in Sources */,
				26C3A53C1B3870E1001AA190 /* MQFieldTextFieldDelegate.swift in Sources */,
				26C3A53B1B3870E1001AA190 /* MQErrorDialog.swift in Sources */,
				265FBB141B46800C00DDFCA0 /* MQDataModel.swift in Sources */,
				26A07BD71B182607006250CF /* MQAspectFitLabel.swift in Sources */,
				26C3A5331B3870E1001AA190 /* MQAPIRequest.swift in Sources */,
			);
			runOnlyForDeploymentPostprocessing = 0;
		};
		26E9FE921ADE090B00E92745 /* Sources */ = {
			isa = PBXSourcesBuildPhase;
			buildActionMask = 2147483647;
			files = (
				26E9FE9E1ADE090B00E92745 /* MQBoilerplateSwiftTests.swift in Sources */,
			);
			runOnlyForDeploymentPostprocessing = 0;
		};
/* End PBXSourcesBuildPhase section */

/* Begin PBXTargetDependency section */
		26AD3BD11B39A55100EDE133 /* PBXTargetDependency */ = {
			isa = PBXTargetDependency;
			name = "Alamofire iOS";
			targetProxy = 26AD3BD01B39A55100EDE133 /* PBXContainerItemProxy */;
		};
		26E9FE991ADE090B00E92745 /* PBXTargetDependency */ = {
			isa = PBXTargetDependency;
			target = 26E9FE8A1ADE090B00E92745 /* MQBoilerplateSwift */;
			targetProxy = 26E9FE981ADE090B00E92745 /* PBXContainerItemProxy */;
		};
/* End PBXTargetDependency section */

/* Begin XCBuildConfiguration section */
		26E9FE9F1ADE090B00E92745 /* Debug */ = {
			isa = XCBuildConfiguration;
			buildSettings = {
				ALWAYS_SEARCH_USER_PATHS = NO;
				CLANG_CXX_LANGUAGE_STANDARD = "gnu++0x";
				CLANG_CXX_LIBRARY = "libc++";
				CLANG_ENABLE_MODULES = YES;
				CLANG_ENABLE_OBJC_ARC = YES;
				CLANG_WARN_BOOL_CONVERSION = YES;
				CLANG_WARN_CONSTANT_CONVERSION = YES;
				CLANG_WARN_DIRECT_OBJC_ISA_USAGE = YES_ERROR;
				CLANG_WARN_EMPTY_BODY = YES;
				CLANG_WARN_ENUM_CONVERSION = YES;
				CLANG_WARN_INT_CONVERSION = YES;
				CLANG_WARN_OBJC_ROOT_CLASS = YES_ERROR;
				CLANG_WARN_UNREACHABLE_CODE = YES;
				CLANG_WARN__DUPLICATE_METHOD_MATCH = YES;
				"CODE_SIGN_IDENTITY[sdk=iphoneos*]" = "iPhone Developer";
				COPY_PHASE_STRIP = NO;
				CURRENT_PROJECT_VERSION = 1;
				DEFINES_MODULE = YES;
				ENABLE_STRICT_OBJC_MSGSEND = YES;
				ENABLE_TESTABILITY = YES;
				GCC_C_LANGUAGE_STANDARD = gnu99;
				GCC_DYNAMIC_NO_PIC = NO;
				GCC_OPTIMIZATION_LEVEL = 0;
				GCC_PREPROCESSOR_DEFINITIONS = (
					"DEBUG=1",
					"$(inherited)",
				);
				GCC_SYMBOLS_PRIVATE_EXTERN = NO;
				GCC_WARN_64_TO_32_BIT_CONVERSION = YES;
				GCC_WARN_ABOUT_RETURN_TYPE = YES_ERROR;
				GCC_WARN_UNDECLARED_SELECTOR = YES;
				GCC_WARN_UNINITIALIZED_AUTOS = YES_AGGRESSIVE;
				GCC_WARN_UNUSED_FUNCTION = YES;
				GCC_WARN_UNUSED_VARIABLE = YES;
				IPHONEOS_DEPLOYMENT_TARGET = 8.0;
				MTL_ENABLE_DEBUG_INFO = YES;
				ONLY_ACTIVE_ARCH = YES;
				SDKROOT = iphoneos;
				SWIFT_OPTIMIZATION_LEVEL = "-Onone";
				TARGETED_DEVICE_FAMILY = "1,2";
				VERSIONING_SYSTEM = "apple-generic";
				VERSION_INFO_PREFIX = "";
			};
			name = Debug;
		};
		26E9FEA01ADE090B00E92745 /* Release */ = {
			isa = XCBuildConfiguration;
			buildSettings = {
				ALWAYS_SEARCH_USER_PATHS = NO;
				CLANG_CXX_LANGUAGE_STANDARD = "gnu++0x";
				CLANG_CXX_LIBRARY = "libc++";
				CLANG_ENABLE_MODULES = YES;
				CLANG_ENABLE_OBJC_ARC = YES;
				CLANG_WARN_BOOL_CONVERSION = YES;
				CLANG_WARN_CONSTANT_CONVERSION = YES;
				CLANG_WARN_DIRECT_OBJC_ISA_USAGE = YES_ERROR;
				CLANG_WARN_EMPTY_BODY = YES;
				CLANG_WARN_ENUM_CONVERSION = YES;
				CLANG_WARN_INT_CONVERSION = YES;
				CLANG_WARN_OBJC_ROOT_CLASS = YES_ERROR;
				CLANG_WARN_UNREACHABLE_CODE = YES;
				CLANG_WARN__DUPLICATE_METHOD_MATCH = YES;
				"CODE_SIGN_IDENTITY[sdk=iphoneos*]" = "iPhone Developer";
				COPY_PHASE_STRIP = NO;
				CURRENT_PROJECT_VERSION = 1;
				DEFINES_MODULE = YES;
				ENABLE_NS_ASSERTIONS = NO;
				ENABLE_STRICT_OBJC_MSGSEND = YES;
				GCC_C_LANGUAGE_STANDARD = gnu99;
				GCC_WARN_64_TO_32_BIT_CONVERSION = YES;
				GCC_WARN_ABOUT_RETURN_TYPE = YES_ERROR;
				GCC_WARN_UNDECLARED_SELECTOR = YES;
				GCC_WARN_UNINITIALIZED_AUTOS = YES_AGGRESSIVE;
				GCC_WARN_UNUSED_FUNCTION = YES;
				GCC_WARN_UNUSED_VARIABLE = YES;
				IPHONEOS_DEPLOYMENT_TARGET = 8.0;
				MTL_ENABLE_DEBUG_INFO = NO;
				SDKROOT = iphoneos;
				TARGETED_DEVICE_FAMILY = "1,2";
				VALIDATE_PRODUCT = YES;
				VERSIONING_SYSTEM = "apple-generic";
				VERSION_INFO_PREFIX = "";
			};
			name = Release;
		};
		26E9FEA21ADE090B00E92745 /* Debug */ = {
			isa = XCBuildConfiguration;
			buildSettings = {
				CLANG_ENABLE_MODULES = YES;
				DEFINES_MODULE = YES;
				DYLIB_COMPATIBILITY_VERSION = 1;
				DYLIB_CURRENT_VERSION = 1;
				DYLIB_INSTALL_NAME_BASE = "@rpath";
				INFOPLIST_FILE = "MQBoilerplateSwift/Supporting Files/Info.plist";
				INSTALL_PATH = "$(LOCAL_LIBRARY_DIR)/Frameworks";
				IPHONEOS_DEPLOYMENT_TARGET = 8.0;
				LD_RUNPATH_SEARCH_PATHS = "$(inherited) @executable_path/Frameworks @loader_path/Frameworks";
				PRODUCT_BUNDLE_IDENTIFIER = "com.mattquiros.$(PRODUCT_NAME:rfc1034identifier)";
				PRODUCT_NAME = "$(TARGET_NAME)";
				SKIP_INSTALL = YES;
				SWIFT_OPTIMIZATION_LEVEL = "-Onone";
			};
			name = Debug;
		};
		26E9FEA31ADE090B00E92745 /* Release */ = {
			isa = XCBuildConfiguration;
			buildSettings = {
				CLANG_ENABLE_MODULES = YES;
				DEFINES_MODULE = YES;
				DYLIB_COMPATIBILITY_VERSION = 1;
				DYLIB_CURRENT_VERSION = 1;
				DYLIB_INSTALL_NAME_BASE = "@rpath";
				INFOPLIST_FILE = "MQBoilerplateSwift/Supporting Files/Info.plist";
				INSTALL_PATH = "$(LOCAL_LIBRARY_DIR)/Frameworks";
				IPHONEOS_DEPLOYMENT_TARGET = 8.0;
				LD_RUNPATH_SEARCH_PATHS = "$(inherited) @executable_path/Frameworks @loader_path/Frameworks";
				PRODUCT_BUNDLE_IDENTIFIER = "com.mattquiros.$(PRODUCT_NAME:rfc1034identifier)";
				PRODUCT_NAME = "$(TARGET_NAME)";
				SKIP_INSTALL = YES;
			};
			name = Release;
		};
		26E9FEA51ADE090B00E92745 /* Debug */ = {
			isa = XCBuildConfiguration;
			buildSettings = {
				FRAMEWORK_SEARCH_PATHS = (
					"$(SDKROOT)/Developer/Library/Frameworks",
					"$(inherited)",
				);
				GCC_PREPROCESSOR_DEFINITIONS = (
					"DEBUG=1",
					"$(inherited)",
				);
				INFOPLIST_FILE = MQBoilerplateSwiftTests/Info.plist;
				LD_RUNPATH_SEARCH_PATHS = "$(inherited) @executable_path/Frameworks @loader_path/Frameworks";
				PRODUCT_BUNDLE_IDENTIFIER = "com.mattquiros.$(PRODUCT_NAME:rfc1034identifier)";
				PRODUCT_NAME = "$(TARGET_NAME)";
			};
			name = Debug;
		};
		26E9FEA61ADE090B00E92745 /* Release */ = {
			isa = XCBuildConfiguration;
			buildSettings = {
				FRAMEWORK_SEARCH_PATHS = (
					"$(SDKROOT)/Developer/Library/Frameworks",
					"$(inherited)",
				);
				INFOPLIST_FILE = MQBoilerplateSwiftTests/Info.plist;
				LD_RUNPATH_SEARCH_PATHS = "$(inherited) @executable_path/Frameworks @loader_path/Frameworks";
				PRODUCT_BUNDLE_IDENTIFIER = "com.mattquiros.$(PRODUCT_NAME:rfc1034identifier)";
				PRODUCT_NAME = "$(TARGET_NAME)";
			};
			name = Release;
		};
/* End XCBuildConfiguration section */

/* Begin XCConfigurationList section */
		26E9FE851ADE090B00E92745 /* Build configuration list for PBXProject "MQBoilerplateSwift" */ = {
			isa = XCConfigurationList;
			buildConfigurations = (
				26E9FE9F1ADE090B00E92745 /* Debug */,
				26E9FEA01ADE090B00E92745 /* Release */,
			);
			defaultConfigurationIsVisible = 0;
			defaultConfigurationName = Release;
		};
		26E9FEA11ADE090B00E92745 /* Build configuration list for PBXNativeTarget "MQBoilerplateSwift" */ = {
			isa = XCConfigurationList;
			buildConfigurations = (
				26E9FEA21ADE090B00E92745 /* Debug */,
				26E9FEA31ADE090B00E92745 /* Release */,
			);
			defaultConfigurationIsVisible = 0;
			defaultConfigurationName = Release;
		};
		26E9FEA41ADE090B00E92745 /* Build configuration list for PBXNativeTarget "MQBoilerplateSwiftTests" */ = {
			isa = XCConfigurationList;
			buildConfigurations = (
				26E9FEA51ADE090B00E92745 /* Debug */,
				26E9FEA61ADE090B00E92745 /* Release */,
			);
			defaultConfigurationIsVisible = 0;
			defaultConfigurationName = Release;
		};
/* End XCConfigurationList section */
	};
	rootObject = 26E9FE821ADE090B00E92745 /* Project object */;
}
